
Microsoft Visual Studio Solution File, Format Version 12.00
# Visual Studio 15
VisualStudioVersion = 15.0.28010.2036
MinimumVisualStudioVersion = 10.0.40219.1
Project("{FAE04EC0-301F-11D3-BF4B-00C04F79EFBC}") = "LineChartTagHelper", "LineChartTagHelper\LineChartTagHelper.csproj", "{7B56B00D-FFE3-4D91-8A40-F80AFACE0519}"
EndProject
Project("{FAE04EC0-301F-11D3-BF4B-00C04F79EFBC}") = "LineChartTagHelper.Web.Test", "LineChartTagHelper.Web.Test\LineChartTagHelper.Web.Test.csproj", "{E7A3AA70-C5A2-4F73-8BDD-4C7EE66080BD}"
EndProject
Global
	GlobalSection(SolutionConfigurationPlatforms) = preSolution
		Debug|Any CPU = Debug|Any CPU
		Release|Any CPU = Release|Any CPU
	EndGlobalSection
	GlobalSection(ProjectConfigurationPlatforms) = postSolution
		{7B56B00D-FFE3-4D91-8A40-F80AFACE0519}.Debug|Any CPU.ActiveCfg = Debug|Any CPU
		{7B56B00D-FFE3-4D91-8A40-F80AFACE0519}.Debug|Any CPU.Build.0 = Debug|Any CPU
		{7B56B00D-FFE3-4D91-8A40-F80AFACE0519}.Release|Any CPU.ActiveCfg = Release|Any CPU
		{7B56B00D-FFE3-4D91-8A40-F80AFACE0519}.Release|Any CPU.Build.0 = Release|Any CPU
		{E7A3AA70-C5A2-4F73-8BDD-4C7EE66080BD}.Debug|Any CPU.ActiveCfg = Debug|Any CPU
		{E7A3AA70-C5A2-4F73-8BDD-4C7EE66080BD}.Debug|Any CPU.Build.0 = Debug|Any CPU
		{E7A3AA70-C5A2-4F73-8BDD-4C7EE66080BD}.Release|Any CPU.ActiveCfg = Release|Any CPU
		{E7A3AA70-C5A2-4F73-8BDD-4C7EE66080BD}.Release|Any CPU.Build.0 = Release|Any CPU
	EndGlobalSection
	GlobalSection(SolutionProperties) = preSolution
		HideSolutionNode = FALSE
	EndGlobalSection
	GlobalSection(ExtensibilityGlobals) = postSolution
		SolutionGuid = {9295E9D3-038F-4EFA-8157-FB6BC4BC9FC8}
	EndGlobalSection
EndGlobal
